
Microsoft Visual Studio Solution File, Format Version 9.00
# Visual C++ Express 2005
Project("{8BC9CEB8-8B4A-11D0-8D11-00A0C91BC942}") = "i4k_OGL_vc2005", "i4k_OGL_vc2005.vcproj", "{9A34639E-ABEC-46D9-89E4-5D8D873FDA66}"
EndProject
Global
	GlobalSection(SolutionConfigurationPlatforms) = preSolution
		Debug|Win32 = Debug|Win32
		Release|Win32 = Release|Win32
	EndGlobalSection
	GlobalSection(ProjectConfigurationPlatforms) = postSolution
		{9A34639E-ABEC-46D9-89E4-5D8D873FDA66}.Debug|Win32.ActiveCfg = Debug|Win32
		{9A34639E-ABEC-46D9-89E4-5D8D873FDA66}.Debug|Win32.Build.0 = Debug|Win32
		{9A34639E-ABEC-46D9-89E4-5D8D873FDA66}.Release|Win32.ActiveCfg = Release|Win32
		{9A34639E-ABEC-46D9-89E4-5D8D873FDA66}.Release|Win32.Build.0 = Release|Win32
	EndGlobalSection
	GlobalSection(SolutionProperties) = preSolution
		HideSolutionNode = FALSE
	EndGlobalSection
EndGlobal
